{
  "name": "web",
  "lockfileVersion": 2,
  "requires": true,
  "packages": {
    "": {
      "dependencies": {
        "toasteur": "^0.4.0"
      }
    },
    "node_modules/toasteur": {
      "version": "0.4.0",
      "resolved": "https://registry.npmjs.org/toasteur/-/toasteur-0.4.0.tgz",
      "integrity": "sha512-guD1pnnX/wR2cFo+GZshNinlK8Rky8zVIG+VL5H5kFLVwEk/4JOSRznkhoaP2UT+2lXD7uSJpUmxCLL4ZaP5QA=="
    }
  },
  "dependencies": {
    "toasteur": {
      "version": "0.4.0",
      "resolved": "https://registry.npmjs.org/toasteur/-/toasteur-0.4.0.tgz",
      "integrity": "sha512-guD1pnnX/wR2cFo+GZshNinlK8Rky8zVIG+VL5H5kFLVwEk/4JOSRznkhoaP2UT+2lXD7uSJpUmxCLL4ZaP5QA=="
    }
  }
}
